
Microsoft Visual Studio Solution File, Format Version 12.00
# Visual Studio Version 16
VisualStudioVersion = 16.0.31729.503
MinimumVisualStudioVersion = 10.0.40219.1
Project("{FAE04EC0-301F-11D3-BF4B-00C04F79EFBC}") = "EF_Core_02", "EF_Core_02\EF_Core_02.csproj", "{33C66AAE-384A-4DEE-8D59-6C8D2C923A8C}"
EndProject
Global
	GlobalSection(SolutionConfigurationPlatforms) = preSolution
		Debug|Any CPU = Debug|Any CPU
		Release|Any CPU = Release|Any CPU
	EndGlobalSection
	GlobalSection(ProjectConfigurationPlatforms) = postSolution
		{33C66AAE-384A-4DEE-8D59-6C8D2C923A8C}.Debug|Any CPU.ActiveCfg = Debug|Any CPU
		{33C66AAE-384A-4DEE-8D59-6C8D2C923A8C}.Debug|Any CPU.Build.0 = Debug|Any CPU
		{33C66AAE-384A-4DEE-8D59-6C8D2C923A8C}.Release|Any CPU.ActiveCfg = Release|Any CPU
		{33C66AAE-384A-4DEE-8D59-6C8D2C923A8C}.Release|Any CPU.Build.0 = Release|Any CPU
	EndGlobalSection
	GlobalSection(SolutionProperties) = preSolution
		HideSolutionNode = FALSE
	EndGlobalSection
	GlobalSection(ExtensibilityGlobals) = postSolution
		SolutionGuid = {08CC70EF-2A90-4E03-B0B4-47BEA0C9F19B}
	EndGlobalSection
EndGlobal
