
Microsoft Visual Studio Solution File, Format Version 12.00
# Visual Studio Version 16
VisualStudioVersion = 16.0.31729.503
MinimumVisualStudioVersion = 10.0.40219.1
Project("{FAE04EC0-301F-11D3-BF4B-00C04F79EFBC}") = "Proje_04_Data_Types", "Proje_04_Data_Types\Proje_04_Data_Types.csproj", "{8A3B3E91-C186-4E24-84ED-3E8A8D62B1E5}"
EndProject
Global
	GlobalSection(SolutionConfigurationPlatforms) = preSolution
		Debug|Any CPU = Debug|Any CPU
		Release|Any CPU = Release|Any CPU
	EndGlobalSection
	GlobalSection(ProjectConfigurationPlatforms) = postSolution
		{8A3B3E91-C186-4E24-84ED-3E8A8D62B1E5}.Debug|Any CPU.ActiveCfg = Debug|Any CPU
		{8A3B3E91-C186-4E24-84ED-3E8A8D62B1E5}.Debug|Any CPU.Build.0 = Debug|Any CPU
		{8A3B3E91-C186-4E24-84ED-3E8A8D62B1E5}.Release|Any CPU.ActiveCfg = Release|Any CPU
		{8A3B3E91-C186-4E24-84ED-3E8A8D62B1E5}.Release|Any CPU.Build.0 = Release|Any CPU
	EndGlobalSection
	GlobalSection(SolutionProperties) = preSolution
		HideSolutionNode = FALSE
	EndGlobalSection
	GlobalSection(ExtensibilityGlobals) = postSolution
		SolutionGuid = {3838B69E-7591-4B97-B3B3-FC8205093311}
	EndGlobalSection
EndGlobal
