
Microsoft Visual Studio Solution File, Format Version 12.00
# Visual Studio Version 16
VisualStudioVersion = 16.0.31729.503
MinimumVisualStudioVersion = 10.0.40219.1
Project("{FAE04EC0-301F-11D3-BF4B-00C04F79EFBC}") = "Proje_11_Metot_Ornekleri_1", "Proje_11_Metot_Ornekleri_1\Proje_11_Metot_Ornekleri_1.csproj", "{F260909F-33C3-4AE8-9B49-D7F5F1285229}"
EndProject
Global
	GlobalSection(SolutionConfigurationPlatforms) = preSolution
		Debug|Any CPU = Debug|Any CPU
		Release|Any CPU = Release|Any CPU
	EndGlobalSection
	GlobalSection(ProjectConfigurationPlatforms) = postSolution
		{F260909F-33C3-4AE8-9B49-D7F5F1285229}.Debug|Any CPU.ActiveCfg = Debug|Any CPU
		{F260909F-33C3-4AE8-9B49-D7F5F1285229}.Debug|Any CPU.Build.0 = Debug|Any CPU
		{F260909F-33C3-4AE8-9B49-D7F5F1285229}.Release|Any CPU.ActiveCfg = Release|Any CPU
		{F260909F-33C3-4AE8-9B49-D7F5F1285229}.Release|Any CPU.Build.0 = Release|Any CPU
	EndGlobalSection
	GlobalSection(SolutionProperties) = preSolution
		HideSolutionNode = FALSE
	EndGlobalSection
	GlobalSection(ExtensibilityGlobals) = postSolution
		SolutionGuid = {745BB5C5-C554-4F3F-9ADA-5B62A03A38B4}
	EndGlobalSection
EndGlobal
