
Microsoft Visual Studio Solution File, Format Version 12.00
# Visual Studio Version 16
VisualStudioVersion = 16.0.31729.503
MinimumVisualStudioVersion = 10.0.40219.1
Project("{FAE04EC0-301F-11D3-BF4B-00C04F79EFBC}") = "KutuphaneProjesi", "KutuphaneProjesi\KutuphaneProjesi.csproj", "{8BD2DA0E-C9BB-4C2D-8463-D5189BD4BCC8}"
EndProject
Global
	GlobalSection(SolutionConfigurationPlatforms) = preSolution
		Debug|Any CPU = Debug|Any CPU
		Release|Any CPU = Release|Any CPU
	EndGlobalSection
	GlobalSection(ProjectConfigurationPlatforms) = postSolution
		{8BD2DA0E-C9BB-4C2D-8463-D5189BD4BCC8}.Debug|Any CPU.ActiveCfg = Debug|Any CPU
		{8BD2DA0E-C9BB-4C2D-8463-D5189BD4BCC8}.Debug|Any CPU.Build.0 = Debug|Any CPU
		{8BD2DA0E-C9BB-4C2D-8463-D5189BD4BCC8}.Release|Any CPU.ActiveCfg = Release|Any CPU
		{8BD2DA0E-C9BB-4C2D-8463-D5189BD4BCC8}.Release|Any CPU.Build.0 = Release|Any CPU
	EndGlobalSection
	GlobalSection(SolutionProperties) = preSolution
		HideSolutionNode = FALSE
	EndGlobalSection
	GlobalSection(ExtensibilityGlobals) = postSolution
		SolutionGuid = {0B891B0A-6F56-48BA-A5E6-66859673E2D0}
	EndGlobalSection
EndGlobal
