
Microsoft Visual Studio Solution File, Format Version 12.00
# Visual Studio Version 16
VisualStudioVersion = 16.0.31729.503
MinimumVisualStudioVersion = 10.0.40219.1
Project("{FAE04EC0-301F-11D3-BF4B-00C04F79EFBC}") = "Sales", "Sales\Sales.csproj", "{16F3F6E5-09BE-4A72-9D39-DE3DFCDFDE4F}"
EndProject
Global
	GlobalSection(SolutionConfigurationPlatforms) = preSolution
		Debug|Any CPU = Debug|Any CPU
		Release|Any CPU = Release|Any CPU
	EndGlobalSection
	GlobalSection(ProjectConfigurationPlatforms) = postSolution
		{16F3F6E5-09BE-4A72-9D39-DE3DFCDFDE4F}.Debug|Any CPU.ActiveCfg = Debug|Any CPU
		{16F3F6E5-09BE-4A72-9D39-DE3DFCDFDE4F}.Debug|Any CPU.Build.0 = Debug|Any CPU
		{16F3F6E5-09BE-4A72-9D39-DE3DFCDFDE4F}.Release|Any CPU.ActiveCfg = Release|Any CPU
		{16F3F6E5-09BE-4A72-9D39-DE3DFCDFDE4F}.Release|Any CPU.Build.0 = Release|Any CPU
	EndGlobalSection
	GlobalSection(SolutionProperties) = preSolution
		HideSolutionNode = FALSE
	EndGlobalSection
	GlobalSection(ExtensibilityGlobals) = postSolution
		SolutionGuid = {E2E79038-099C-4D67-A0CE-09D123DDF242}
	EndGlobalSection
EndGlobal
