
Microsoft Visual Studio Solution File, Format Version 12.00
# Visual Studio Version 16
VisualStudioVersion = 16.0.31729.503
MinimumVisualStudioVersion = 10.0.40219.1
Project("{FAE04EC0-301F-11D3-BF4B-00C04F79EFBC}") = "Proje_11_Metotlar_Örnek2", "Proje_11_Metotlar_Örnek2\Proje_11_Metotlar_Örnek2.csproj", "{17B98A7A-11B3-4F01-89A9-93F904BB7D31}"
EndProject
Global
	GlobalSection(SolutionConfigurationPlatforms) = preSolution
		Debug|Any CPU = Debug|Any CPU
		Release|Any CPU = Release|Any CPU
	EndGlobalSection
	GlobalSection(ProjectConfigurationPlatforms) = postSolution
		{17B98A7A-11B3-4F01-89A9-93F904BB7D31}.Debug|Any CPU.ActiveCfg = Debug|Any CPU
		{17B98A7A-11B3-4F01-89A9-93F904BB7D31}.Debug|Any CPU.Build.0 = Debug|Any CPU
		{17B98A7A-11B3-4F01-89A9-93F904BB7D31}.Release|Any CPU.ActiveCfg = Release|Any CPU
		{17B98A7A-11B3-4F01-89A9-93F904BB7D31}.Release|Any CPU.Build.0 = Release|Any CPU
	EndGlobalSection
	GlobalSection(SolutionProperties) = preSolution
		HideSolutionNode = FALSE
	EndGlobalSection
	GlobalSection(ExtensibilityGlobals) = postSolution
		SolutionGuid = {EB0DC279-D5BB-4B46-B69E-0A3A6DC4C5B4}
	EndGlobalSection
EndGlobal
