
Microsoft Visual Studio Solution File, Format Version 12.00
# Visual Studio Version 16
VisualStudioVersion = 16.0.31729.503
MinimumVisualStudioVersion = 10.0.40219.1
Project("{FAE04EC0-301F-11D3-BF4B-00C04F79EFBC}") = "Telefon_Rehberi_V2", "Telefon_Rehberi_V2\Telefon_Rehberi_V2.csproj", "{361C3995-C848-4701-8D04-E2C71E7212CB}"
EndProject
Global
	GlobalSection(SolutionConfigurationPlatforms) = preSolution
		Debug|Any CPU = Debug|Any CPU
		Release|Any CPU = Release|Any CPU
	EndGlobalSection
	GlobalSection(ProjectConfigurationPlatforms) = postSolution
		{361C3995-C848-4701-8D04-E2C71E7212CB}.Debug|Any CPU.ActiveCfg = Debug|Any CPU
		{361C3995-C848-4701-8D04-E2C71E7212CB}.Debug|Any CPU.Build.0 = Debug|Any CPU
		{361C3995-C848-4701-8D04-E2C71E7212CB}.Release|Any CPU.ActiveCfg = Release|Any CPU
		{361C3995-C848-4701-8D04-E2C71E7212CB}.Release|Any CPU.Build.0 = Release|Any CPU
	EndGlobalSection
	GlobalSection(SolutionProperties) = preSolution
		HideSolutionNode = FALSE
	EndGlobalSection
	GlobalSection(ExtensibilityGlobals) = postSolution
		SolutionGuid = {20272C5F-AFD8-4DA7-B004-7765361F2285}
	EndGlobalSection
EndGlobal
