
Microsoft Visual Studio Solution File, Format Version 12.00
# Visual Studio Version 16
VisualStudioVersion = 16.0.31729.503
MinimumVisualStudioVersion = 10.0.40219.1
Project("{FAE04EC0-301F-11D3-BF4B-00C04F79EFBC}") = "UploadImageProject", "UploadImageProject\UploadImageProject.csproj", "{B18E018C-D438-4C90-9BFD-DE0562557C3E}"
EndProject
Global
	GlobalSection(SolutionConfigurationPlatforms) = preSolution
		Debug|Any CPU = Debug|Any CPU
		Release|Any CPU = Release|Any CPU
	EndGlobalSection
	GlobalSection(ProjectConfigurationPlatforms) = postSolution
		{B18E018C-D438-4C90-9BFD-DE0562557C3E}.Debug|Any CPU.ActiveCfg = Debug|Any CPU
		{B18E018C-D438-4C90-9BFD-DE0562557C3E}.Debug|Any CPU.Build.0 = Debug|Any CPU
		{B18E018C-D438-4C90-9BFD-DE0562557C3E}.Release|Any CPU.ActiveCfg = Release|Any CPU
		{B18E018C-D438-4C90-9BFD-DE0562557C3E}.Release|Any CPU.Build.0 = Release|Any CPU
	EndGlobalSection
	GlobalSection(SolutionProperties) = preSolution
		HideSolutionNode = FALSE
	EndGlobalSection
	GlobalSection(ExtensibilityGlobals) = postSolution
		SolutionGuid = {D5F751D0-6755-474A-B7CF-04BE5317A2B1}
	EndGlobalSection
EndGlobal
