
Microsoft Visual Studio Solution File, Format Version 12.00
# Visual Studio Version 16
VisualStudioVersion = 16.0.31729.503
MinimumVisualStudioVersion = 10.0.40219.1
Project("{FAE04EC0-301F-11D3-BF4B-00C04F79EFBC}") = "Form02_SQL", "Form02_SQL\Form02_SQL.csproj", "{F2C6AE3D-0EAA-4804-AAA4-B4317FBDD45C}"
EndProject
Global
	GlobalSection(SolutionConfigurationPlatforms) = preSolution
		Debug|Any CPU = Debug|Any CPU
		Release|Any CPU = Release|Any CPU
	EndGlobalSection
	GlobalSection(ProjectConfigurationPlatforms) = postSolution
		{F2C6AE3D-0EAA-4804-AAA4-B4317FBDD45C}.Debug|Any CPU.ActiveCfg = Debug|Any CPU
		{F2C6AE3D-0EAA-4804-AAA4-B4317FBDD45C}.Debug|Any CPU.Build.0 = Debug|Any CPU
		{F2C6AE3D-0EAA-4804-AAA4-B4317FBDD45C}.Release|Any CPU.ActiveCfg = Release|Any CPU
		{F2C6AE3D-0EAA-4804-AAA4-B4317FBDD45C}.Release|Any CPU.Build.0 = Release|Any CPU
	EndGlobalSection
	GlobalSection(SolutionProperties) = preSolution
		HideSolutionNode = FALSE
	EndGlobalSection
	GlobalSection(ExtensibilityGlobals) = postSolution
		SolutionGuid = {E9E97049-7445-4370-B96E-C51DCF87A35A}
	EndGlobalSection
EndGlobal
