
Microsoft Visual Studio Solution File, Format Version 12.00
# Visual Studio Version 16
VisualStudioVersion = 16.0.31729.503
MinimumVisualStudioVersion = 10.0.40219.1
Project("{FAE04EC0-301F-11D3-BF4B-00C04F79EFBC}") = "Proje_10_Metotlar", "Proje_10_Metotlar\Proje_10_Metotlar.csproj", "{E3CD267A-388F-473D-B3F7-EDEFDA19A0C6}"
EndProject
Global
	GlobalSection(SolutionConfigurationPlatforms) = preSolution
		Debug|Any CPU = Debug|Any CPU
		Release|Any CPU = Release|Any CPU
	EndGlobalSection
	GlobalSection(ProjectConfigurationPlatforms) = postSolution
		{E3CD267A-388F-473D-B3F7-EDEFDA19A0C6}.Debug|Any CPU.ActiveCfg = Debug|Any CPU
		{E3CD267A-388F-473D-B3F7-EDEFDA19A0C6}.Debug|Any CPU.Build.0 = Debug|Any CPU
		{E3CD267A-388F-473D-B3F7-EDEFDA19A0C6}.Release|Any CPU.ActiveCfg = Release|Any CPU
		{E3CD267A-388F-473D-B3F7-EDEFDA19A0C6}.Release|Any CPU.Build.0 = Release|Any CPU
	EndGlobalSection
	GlobalSection(SolutionProperties) = preSolution
		HideSolutionNode = FALSE
	EndGlobalSection
	GlobalSection(ExtensibilityGlobals) = postSolution
		SolutionGuid = {9F2FE7F2-2D75-48C9-AC94-7011865C252B}
	EndGlobalSection
EndGlobal
