
Microsoft Visual Studio Solution File, Format Version 12.00
# Visual Studio Version 16
VisualStudioVersion = 16.0.31729.503
MinimumVisualStudioVersion = 10.0.40219.1
Project("{FAE04EC0-301F-11D3-BF4B-00C04F79EFBC}") = "Proje_08_For", "Proje_08_For\Proje_08_For.csproj", "{07E02025-6081-4EEF-B15B-9A23254E727A}"
EndProject
Global
	GlobalSection(SolutionConfigurationPlatforms) = preSolution
		Debug|Any CPU = Debug|Any CPU
		Release|Any CPU = Release|Any CPU
	EndGlobalSection
	GlobalSection(ProjectConfigurationPlatforms) = postSolution
		{07E02025-6081-4EEF-B15B-9A23254E727A}.Debug|Any CPU.ActiveCfg = Debug|Any CPU
		{07E02025-6081-4EEF-B15B-9A23254E727A}.Debug|Any CPU.Build.0 = Debug|Any CPU
		{07E02025-6081-4EEF-B15B-9A23254E727A}.Release|Any CPU.ActiveCfg = Release|Any CPU
		{07E02025-6081-4EEF-B15B-9A23254E727A}.Release|Any CPU.Build.0 = Release|Any CPU
	EndGlobalSection
	GlobalSection(SolutionProperties) = preSolution
		HideSolutionNode = FALSE
	EndGlobalSection
	GlobalSection(ExtensibilityGlobals) = postSolution
		SolutionGuid = {E3549B77-2994-4631-8FD6-A382A5636196}
	EndGlobalSection
EndGlobal
